// !$*UTF8*$!
{
	archiveVersion = 1;
	classes = {
	};
	objectVersion = 56;
	objects = {

/* Begin PBXBuildFile section */
		E08DD5B32B8384B2002D8589 /* ViewCode.swift in Sources */ = {isa = PBXBuildFile; fileRef = E08DD5B22B8384B2002D8589 /* ViewCode.swift */; };
		E08DD5B62B838551002D8589 /* UIView+Extensions.swift in Sources */ = {isa = PBXBuildFile; fileRef = E08DD5B52B838551002D8589 /* UIView+Extensions.swift */; };
		E0972B9B2B812DEC00211016 /* AppDelegate.swift in Sources */ = {isa = PBXBuildFile; fileRef = E0972B9A2B812DEC00211016 /* AppDelegate.swift */; };
		E0972B9D2B812DEC00211016 /* SceneDelegate.swift in Sources */ = {isa = PBXBuildFile; fileRef = E0972B9C2B812DEC00211016 /* SceneDelegate.swift */; };
		E0972B9F2B812DEC00211016 /* HomeViewController.swift in Sources */ = {isa = PBXBuildFile; fileRef = E0972B9E2B812DEC00211016 /* HomeViewController.swift */; };
		E0972BA42B812DEE00211016 /* Assets.xcassets in Resources */ = {isa = PBXBuildFile; fileRef = E0972BA32B812DEE00211016 /* Assets.xcassets */; };
		E0972BA72B812DEE00211016 /* LaunchScreen.storyboard in Resources */ = {isa = PBXBuildFile; fileRef = E0972BA52B812DEE00211016 /* LaunchScreen.storyboard */; };
		E0972BB12B813E6600211016 /* HomeScreen.swift in Sources */ = {isa = PBXBuildFile; fileRef = E0972BB02B813E6600211016 /* HomeScreen.swift */; };
		E0E0E57A2B862AAB002DDDF0 /* CalculatorViewController.swift in Sources */ = {isa = PBXBuildFile; fileRef = E0E0E5792B862AAB002DDDF0 /* CalculatorViewController.swift */; };
		E0E0E57C2B862BA9002DDDF0 /* CalculatorScreen.swift in Sources */ = {isa = PBXBuildFile; fileRef = E0E0E57B2B862BA9002DDDF0 /* CalculatorScreen.swift */; };
/* End PBXBuildFile section */

/* Begin PBXFileReference section */
		E08DD5B22B8384B2002D8589 /* ViewCode.swift */ = {isa = PBXFileReference; lastKnownFileType = sourcecode.swift; path = ViewCode.swift; sourceTree = "<group>"; };
		E08DD5B52B838551002D8589 /* UIView+Extensions.swift */ = {isa = PBXFileReference; lastKnownFileType = sourcecode.swift; path = "UIView+Extensions.swift"; sourceTree = "<group>"; };
		E0972B972B812DEC00211016 /* FuelChoice.app */ = {isa = PBXFileReference; explicitFileType = wrapper.application; includeInIndex = 0; path = FuelChoice.app; sourceTree = BUILT_PRODUCTS_DIR; };
		E0972B9A2B812DEC00211016 /* AppDelegate.swift */ = {isa = PBXFileReference; lastKnownFileType = sourcecode.swift; path = AppDelegate.swift; sourceTree = "<group>"; };
		E0972B9C2B812DEC00211016 /* SceneDelegate.swift */ = {isa = PBXFileReference; lastKnownFileType = sourcecode.swift; path = SceneDelegate.swift; sourceTree = "<group>"; };
		E0972B9E2B812DEC00211016 /* HomeViewController.swift */ = {isa = PBXFileReference; lastKnownFileType = sourcecode.swift; path = HomeViewController.swift; sourceTree = "<group>"; };
		E0972BA32B812DEE00211016 /* Assets.xcassets */ = {isa = PBXFileReference; lastKnownFileType = folder.assetcatalog; path = Assets.xcassets; sourceTree = "<group>"; };
		E0972BA62B812DEE00211016 /* Base */ = {isa = PBXFileReference; lastKnownFileType = file.storyboard; name = Base; path = Base.lproj/LaunchScreen.storyboard; sourceTree = "<group>"; };
		E0972BA82B812DEE00211016 /* Info.plist */ = {isa = PBXFileReference; lastKnownFileType = text.plist.xml; path = Info.plist; sourceTree = "<group>"; };
		E0972BB02B813E6600211016 /* HomeScreen.swift */ = {isa = PBXFileReference; lastKnownFileType = sourcecode.swift; path = HomeScreen.swift; sourceTree = "<group>"; };
		E0E0E5792B862AAB002DDDF0 /* CalculatorViewController.swift */ = {isa = PBXFileReference; lastKnownFileType = sourcecode.swift; path = CalculatorViewController.swift; sourceTree = "<group>"; };
		E0E0E57B2B862BA9002DDDF0 /* CalculatorScreen.swift */ = {isa = PBXFileReference; lastKnownFileType = sourcecode.swift; path = CalculatorScreen.swift; sourceTree = "<group>"; };
/* End PBXFileReference section */

/* Begin PBXFrameworksBuildPhase section */
		E0972B942B812DEC00211016 /* Frameworks */ = {
			isa = PBXFrameworksBuildPhase;
			buildActionMask = 2147483647;
			files = (
			);
			runOnlyForDeploymentPostprocessing = 0;
		};
/* End PBXFrameworksBuildPhase section */

/* Begin PBXGroup section */
		E08DD5B12B83849E002D8589 /* Helpers */ = {
			isa = PBXGroup;
			children = (
				E08DD5B22B8384B2002D8589 /* ViewCode.swift */,
			);
			path = Helpers;
			sourceTree = "<group>";
		};
		E08DD5B42B83853C002D8589 /* Extensions */ = {
			isa = PBXGroup;
			children = (
				E08DD5B52B838551002D8589 /* UIView+Extensions.swift */,
			);
			path = Extensions;
			sourceTree = "<group>";
		};
		E08DD5B72B838579002D8589 /* Utilies */ = {
			isa = PBXGroup;
			children = (
				E08DD5B42B83853C002D8589 /* Extensions */,
				E08DD5B12B83849E002D8589 /* Helpers */,
			);
			path = Utilies;
			sourceTree = "<group>";
		};
		E0972B8E2B812DEC00211016 = {
			isa = PBXGroup;
			children = (
				E0972B992B812DEC00211016 /* FuelChoice */,
				E0972B982B812DEC00211016 /* Products */,
			);
			sourceTree = "<group>";
		};
		E0972B982B812DEC00211016 /* Products */ = {
			isa = PBXGroup;
			children = (
				E0972B972B812DEC00211016 /* FuelChoice.app */,
			);
			name = Products;
			sourceTree = "<group>";
		};
		E0972B992B812DEC00211016 /* FuelChoice */ = {
			isa = PBXGroup;
			children = (
				E0E0E5792B862AAB002DDDF0 /* CalculatorViewController.swift */,
				E0E0E57B2B862BA9002DDDF0 /* CalculatorScreen.swift */,
				E0972BB02B813E6600211016 /* HomeScreen.swift */,
				E0972B9E2B812DEC00211016 /* HomeViewController.swift */,
				E08DD5B72B838579002D8589 /* Utilies */,
				E0972BAF2B812E7F00211016 /* Aplication */,
				E0972BAE2B812E7500211016 /* Assets */,
				E0972BA82B812DEE00211016 /* Info.plist */,
			);
			path = FuelChoice;
			sourceTree = "<group>";
		};
		E0972BAE2B812E7500211016 /* Assets */ = {
			isa = PBXGroup;
			children = (
				E0972BA32B812DEE00211016 /* Assets.xcassets */,
			);
			path = Assets;
			sourceTree = "<group>";
		};
		E0972BAF2B812E7F00211016 /* Aplication */ = {
			isa = PBXGroup;
			children = (
				E0972BA52B812DEE00211016 /* LaunchScreen.storyboard */,
				E0972B9C2B812DEC00211016 /* SceneDelegate.swift */,
				E0972B9A2B812DEC00211016 /* AppDelegate.swift */,
			);
			path = Aplication;
			sourceTree = "<group>";
		};
/* End PBXGroup section */

/* Begin PBXNativeTarget section */
		E0972B962B812DEC00211016 /* FuelChoice */ = {
			isa = PBXNativeTarget;
			buildConfigurationList = E0972BAB2B812DEE00211016 /* Build configuration list for PBXNativeTarget "FuelChoice" */;
			buildPhases = (
				E0972B932B812DEC00211016 /* Sources */,
				E0972B942B812DEC00211016 /* Frameworks */,
				E0972B952B812DEC00211016 /* Resources */,
			);
			buildRules = (
			);
			dependencies = (
			);
			name = FuelChoice;
			productName = FuelChoice;
			productReference = E0972B972B812DEC00211016 /* FuelChoice.app */;
			productType = "com.apple.product-type.application";
		};
/* End PBXNativeTarget section */

/* Begin PBXProject section */
		E0972B8F2B812DEC00211016 /* Project object */ = {
			isa = PBXProject;
			attributes = {
				BuildIndependentTargetsInParallel = 1;
				LastSwiftUpdateCheck = 1520;
				LastUpgradeCheck = 1520;
				TargetAttributes = {
					E0972B962B812DEC00211016 = {
						CreatedOnToolsVersion = 15.2;
					};
				};
			};
			buildConfigurationList = E0972B922B812DEC00211016 /* Build configuration list for PBXProject "FuelChoice" */;
			compatibilityVersion = "Xcode 14.0";
			developmentRegion = en;
			hasScannedForEncodings = 0;
			knownRegions = (
				en,
				Base,
			);
			mainGroup = E0972B8E2B812DEC00211016;
			productRefGroup = E0972B982B812DEC00211016 /* Products */;
			projectDirPath = "";
			projectRoot = "";
			targets = (
				E0972B962B812DEC00211016 /* FuelChoice */,
			);
		};
/* End PBXProject section */

/* Begin PBXResourcesBuildPhase section */
		E0972B952B812DEC00211016 /* Resources */ = {
			isa = PBXResourcesBuildPhase;
			buildActionMask = 2147483647;
			files = (
				E0972BA72B812DEE00211016 /* LaunchScreen.storyboard in Resources */,
				E0972BA42B812DEE00211016 /* Assets.xcassets in Resources */,
			);
			runOnlyForDeploymentPostprocessing = 0;
		};
/* End PBXResourcesBuildPhase section */

/* Begin PBXSourcesBuildPhase section */
		E0972B932B812DEC00211016 /* Sources */ = {
			isa = PBXSourcesBuildPhase;
			buildActionMask = 2147483647;
			files = (
				E08DD5B62B838551002D8589 /* UIView+Extensions.swift in Sources */,
				E0972BB12B813E6600211016 /* HomeScreen.swift in Sources */,
				E08DD5B32B8384B2002D8589 /* ViewCode.swift in Sources */,
				E0E0E57C2B862BA9002DDDF0 /* CalculatorScreen.swift in Sources */,
				E0972B9F2B812DEC00211016 /* HomeViewController.swift in Sources */,
				E0972B9B2B812DEC00211016 /* AppDelegate.swift in Sources */,
				E0E0E57A2B862AAB002DDDF0 /* CalculatorViewController.swift in Sources */,
				E0972B9D2B812DEC00211016 /* SceneDelegate.swift in Sources */,
			);
			runOnlyForDeploymentPostprocessing = 0;
		};
/* End PBXSourcesBuildPhase section */

/* Begin PBXVariantGroup section */
		E0972BA52B812DEE00211016 /* LaunchScreen.storyboard */ = {
			isa = PBXVariantGroup;
			children = (
				E0972BA62B812DEE00211016 /* Base */,
			);
			name = LaunchScreen.storyboard;
			sourceTree = "<group>";
		};
/* End PBXVariantGroup section */

/* Begin XCBuildConfiguration section */
		E0972BA92B812DEE00211016 /* Debug */ = {
			isa = XCBuildConfiguration;
			buildSettings = {
				ALWAYS_SEARCH_USER_PATHS = NO;
				ASSETCATALOG_COMPILER_GENERATE_SWIFT_ASSET_SYMBOL_EXTENSIONS = YES;
				CLANG_ANALYZER_NONNULL = YES;
				CLANG_ANALYZER_NUMBER_OBJECT_CONVERSION = YES_AGGRESSIVE;
				CLANG_CXX_LANGUAGE_STANDARD = "gnu++20";
				CLANG_ENABLE_MODULES = YES;
				CLANG_ENABLE_OBJC_ARC = YES;
				CLANG_ENABLE_OBJC_WEAK = YES;
				CLANG_WARN_BLOCK_CAPTURE_AUTORELEASING = YES;
				CLANG_WARN_BOOL_CONVERSION = YES;
				CLANG_WARN_COMMA = YES;
				CLANG_WARN_CONSTANT_CONVERSION = YES;
				CLANG_WARN_DEPRECATED_OBJC_IMPLEMENTATIONS = YES;
				CLANG_WARN_DIRECT_OBJC_ISA_USAGE = YES_ERROR;
				CLANG_WARN_DOCUMENTATION_COMMENTS = YES;
				CLANG_WARN_EMPTY_BODY = YES;
				CLANG_WARN_ENUM_CONVERSION = YES;
				CLANG_WARN_INFINITE_RECURSION = YES;
				CLANG_WARN_INT_CONVERSION = YES;
				CLANG_WARN_NON_LITERAL_NULL_CONVERSION = YES;
				CLANG_WARN_OBJC_IMPLICIT_RETAIN_SELF = YES;
				CLANG_WARN_OBJC_LITERAL_CONVERSION = YES;
				CLANG_WARN_OBJC_ROOT_CLASS = YES_ERROR;
				CLANG_WARN_QUOTED_INCLUDE_IN_FRAMEWORK_HEADER = YES;
				CLANG_WARN_RANGE_LOOP_ANALYSIS = YES;
				CLANG_WARN_STRICT_PROTOTYPES = YES;
				CLANG_WARN_SUSPICIOUS_MOVE = YES;
				CLANG_WARN_UNGUARDED_AVAILABILITY = YES_AGGRESSIVE;
				CLANG_WARN_UNREACHABLE_CODE = YES;
				CLANG_WARN__DUPLICATE_METHOD_MATCH = YES;
				COPY_PHASE_STRIP = NO;
				DEBUG_INFORMATION_FORMAT = dwarf;
				ENABLE_STRICT_OBJC_MSGSEND = YES;
				ENABLE_TESTABILITY = YES;
				ENABLE_USER_SCRIPT_SANDBOXING = YES;
				GCC_C_LANGUAGE_STANDARD = gnu17;
				GCC_DYNAMIC_NO_PIC = NO;
				GCC_NO_COMMON_BLOCKS = YES;
				GCC_OPTIMIZATION_LEVEL = 0;
				GCC_PREPROCESSOR_DEFINITIONS = (
					"DEBUG=1",
					"$(inherited)",
				);
				GCC_WARN_64_TO_32_BIT_CONVERSION = YES;
				GCC_WARN_ABOUT_RETURN_TYPE = YES_ERROR;
				GCC_WARN_UNDECLARED_SELECTOR = YES;
				GCC_WARN_UNINITIALIZED_AUTOS = YES_AGGRESSIVE;
				GCC_WARN_UNUSED_FUNCTION = YES;
				GCC_WARN_UNUSED_VARIABLE = YES;
				IPHONEOS_DEPLOYMENT_TARGET = 17.2;
				LOCALIZATION_PREFERS_STRING_CATALOGS = YES;
				MTL_ENABLE_DEBUG_INFO = INCLUDE_SOURCE;
				MTL_FAST_MATH = YES;
				ONLY_ACTIVE_ARCH = YES;
				SDKROOT = iphoneos;
				SWIFT_ACTIVE_COMPILATION_CONDITIONS = "DEBUG $(inherited)";
				SWIFT_OPTIMIZATION_LEVEL = "-Onone";
			};
			name = Debug;
		};
		E0972BAA2B812DEE00211016 /* Release */ = {
			isa = XCBuildConfiguration;
			buildSettings = {
				ALWAYS_SEARCH_USER_PATHS = NO;
				ASSETCATALOG_COMPILER_GENERATE_SWIFT_ASSET_SYMBOL_EXTENSIONS = YES;
				CLANG_ANALYZER_NONNULL = YES;
				CLANG_ANALYZER_NUMBER_OBJECT_CONVERSION = YES_AGGRESSIVE;
				CLANG_CXX_LANGUAGE_STANDARD = "gnu++20";
				CLANG_ENABLE_MODULES = YES;
				CLANG_ENABLE_OBJC_ARC = YES;
				CLANG_ENABLE_OBJC_WEAK = YES;
				CLANG_WARN_BLOCK_CAPTURE_AUTORELEASING = YES;
				CLANG_WARN_BOOL_CONVERSION = YES;
				CLANG_WARN_COMMA = YES;
				CLANG_WARN_CONSTANT_CONVERSION = YES;
				CLANG_WARN_DEPRECATED_OBJC_IMPLEMENTATIONS = YES;
				CLANG_WARN_DIRECT_OBJC_ISA_USAGE = YES_ERROR;
				CLANG_WARN_DOCUMENTATION_COMMENTS = YES;
				CLANG_WARN_EMPTY_BODY = YES;
				CLANG_WARN_ENUM_CONVERSION = YES;
				CLANG_WARN_INFINITE_RECURSION = YES;
				CLANG_WARN_INT_CONVERSION = YES;
				CLANG_WARN_NON_LITERAL_NULL_CONVERSION = YES;
				CLANG_WARN_OBJC_IMPLICIT_RETAIN_SELF = YES;
				CLANG_WARN_OBJC_LITERAL_CONVERSION = YES;
				CLANG_WARN_OBJC_ROOT_CLASS = YES_ERROR;
				CLANG_WARN_QUOTED_INCLUDE_IN_FRAMEWORK_HEADER = YES;
				CLANG_WARN_RANGE_LOOP_ANALYSIS = YES;
				CLANG_WARN_STRICT_PROTOTYPES = YES;
				CLANG_WARN_SUSPICIOUS_MOVE = YES;
				CLANG_WARN_UNGUARDED_AVAILABILITY = YES_AGGRESSIVE;
				CLANG_WARN_UNREACHABLE_CODE = YES;
				CLANG_WARN__DUPLICATE_METHOD_MATCH = YES;
				COPY_PHASE_STRIP = NO;
				DEBUG_INFORMATION_FORMAT = "dwarf-with-dsym";
				ENABLE_NS_ASSERTIONS = NO;
				ENABLE_STRICT_OBJC_MSGSEND = YES;
				ENABLE_USER_SCRIPT_SANDBOXING = YES;
				GCC_C_LANGUAGE_STANDARD = gnu17;
				GCC_NO_COMMON_BLOCKS = YES;
				GCC_WARN_64_TO_32_BIT_CONVERSION = YES;
				GCC_WARN_ABOUT_RETURN_TYPE = YES_ERROR;
				GCC_WARN_UNDECLARED_SELECTOR = YES;
				GCC_WARN_UNINITIALIZED_AUTOS = YES_AGGRESSIVE;
				GCC_WARN_UNUSED_FUNCTION = YES;
				GCC_WARN_UNUSED_VARIABLE = YES;
				IPHONEOS_DEPLOYMENT_TARGET = 17.2;
				LOCALIZATION_PREFERS_STRING_CATALOGS = YES;
				MTL_ENABLE_DEBUG_INFO = NO;
				MTL_FAST_MATH = YES;
				SDKROOT = iphoneos;
				SWIFT_COMPILATION_MODE = wholemodule;
				VALIDATE_PRODUCT = YES;
			};
			name = Release;
		};
		E0972BAC2B812DEE00211016 /* Debug */ = {
			isa = XCBuildConfiguration;
			buildSettings = {
				ASSETCATALOG_COMPILER_APPICON_NAME = AppIcon;
				ASSETCATALOG_COMPILER_GLOBAL_ACCENT_COLOR_NAME = AccentColor;
				CODE_SIGN_STYLE = Automatic;
				CURRENT_PROJECT_VERSION = 1;
				DEVELOPMENT_TEAM = WXQ8GLHA2M;
				GENERATE_INFOPLIST_FILE = YES;
				INFOPLIST_FILE = FuelChoice/Info.plist;
				INFOPLIST_KEY_CFBundleDisplayName = "Fuel Choice";
				INFOPLIST_KEY_LSApplicationCategoryType = "public.app-category.utilities";
				INFOPLIST_KEY_UIApplicationSupportsIndirectInputEvents = YES;
				INFOPLIST_KEY_UILaunchStoryboardName = LaunchScreen.storyboard;
				INFOPLIST_KEY_UISupportedInterfaceOrientations_iPad = "UIInterfaceOrientationPortrait UIInterfaceOrientationPortraitUpsideDown UIInterfaceOrientationLandscapeLeft UIInterfaceOrientationLandscapeRight";
				INFOPLIST_KEY_UISupportedInterfaceOrientations_iPhone = "UIInterfaceOrientationPortrait UIInterfaceOrientationLandscapeLeft UIInterfaceOrientationLandscapeRight";
				LD_RUNPATH_SEARCH_PATHS = (
					"$(inherited)",
					"@executable_path/Frameworks",
				);
				MARKETING_VERSION = 1.0;
				PRODUCT_BUNDLE_IDENTIFIER = LeticiaSpeda.FuelChoice;
				PRODUCT_NAME = "$(TARGET_NAME)";
				SUPPORTED_PLATFORMS = "iphoneos iphonesimulator";
				SUPPORTS_MACCATALYST = NO;
				SUPPORTS_MAC_DESIGNED_FOR_IPHONE_IPAD = NO;
				SUPPORTS_XR_DESIGNED_FOR_IPHONE_IPAD = NO;
				SWIFT_EMIT_LOC_STRINGS = YES;
				SWIFT_VERSION = 5.0;
				TARGETED_DEVICE_FAMILY = 1;
			};
			name = Debug;
		};
		E0972BAD2B812DEE00211016 /* Release */ = {
			isa = XCBuildConfiguration;
			buildSettings = {
				ASSETCATALOG_COMPILER_APPICON_NAME = AppIcon;
				ASSETCATALOG_COMPILER_GLOBAL_ACCENT_COLOR_NAME = AccentColor;
				CODE_SIGN_STYLE = Automatic;
				CURRENT_PROJECT_VERSION = 1;
				DEVELOPMENT_TEAM = WXQ8GLHA2M;
				GENERATE_INFOPLIST_FILE = YES;
				INFOPLIST_FILE = FuelChoice/Info.plist;
				INFOPLIST_KEY_CFBundleDisplayName = "Fuel Choice";
				INFOPLIST_KEY_LSApplicationCategoryType = "public.app-category.utilities";
				INFOPLIST_KEY_UIApplicationSupportsIndirectInputEvents = YES;
				INFOPLIST_KEY_UILaunchStoryboardName = LaunchScreen.storyboard;
				INFOPLIST_KEY_UISupportedInterfaceOrientations_iPad = "UIInterfaceOrientationPortrait UIInterfaceOrientationPortraitUpsideDown UIInterfaceOrientationLandscapeLeft UIInterfaceOrientationLandscapeRight";
				INFOPLIST_KEY_UISupportedInterfaceOrientations_iPhone = "UIInterfaceOrientationPortrait UIInterfaceOrientationLandscapeLeft UIInterfaceOrientationLandscapeRight";
				LD_RUNPATH_SEARCH_PATHS = (
					"$(inherited)",
					"@executable_path/Frameworks",
				);
				MARKETING_VERSION = 1.0;
				PRODUCT_BUNDLE_IDENTIFIER = LeticiaSpeda.FuelChoice;
				PRODUCT_NAME = "$(TARGET_NAME)";
				SUPPORTED_PLATFORMS = "iphoneos iphonesimulator";
				SUPPORTS_MACCATALYST = NO;
				SUPPORTS_MAC_DESIGNED_FOR_IPHONE_IPAD = NO;
				SUPPORTS_XR_DESIGNED_FOR_IPHONE_IPAD = NO;
				SWIFT_EMIT_LOC_STRINGS = YES;
				SWIFT_VERSION = 5.0;
				TARGETED_DEVICE_FAMILY = 1;
			};
			name = Release;
		};
/* End XCBuildConfiguration section */

/* Begin XCConfigurationList section */
		E0972B922B812DEC00211016 /* Build configuration list for PBXProject "FuelChoice" */ = {
			isa = XCConfigurationList;
			buildConfigurations = (
				E0972BA92B812DEE00211016 /* Debug */,
				E0972BAA2B812DEE00211016 /* Release */,
			);
			defaultConfigurationIsVisible = 0;
			defaultConfigurationName = Release;
		};
		E0972BAB2B812DEE00211016 /* Build configuration list for PBXNativeTarget "FuelChoice" */ = {
			isa = XCConfigurationList;
			buildConfigurations = (
				E0972BAC2B812DEE00211016 /* Debug */,
				E0972BAD2B812DEE00211016 /* Release */,
			);
			defaultConfigurationIsVisible = 0;
			defaultConfigurationName = Release;
		};
/* End XCConfigurationList section */
	};
	rootObject = E0972B8F2B812DEC00211016 /* Project object */;
}
